{
  "nodes": {
    "flake-utils": {
      "inputs": {
        "systems": "systems"
      },
      "locked": {
        "lastModified": 1731533236,
        "narHash": "sha256-l0KFg5HjrsfsO/JpG+r7fRrqm12kzFHyUHqHCVpMMbI=",
        "owner": "numtide",
        "repo": "flake-utils",
        "rev": "11707dc2f618dd54ca8739b309ec4fc024de578b",
        "type": "github"
      },
      "original": {
        "owner": "numtide",
        "repo": "flake-utils",
        "type": "github"
      }
    },
    "home-manager": {
      "inputs": {
        "nixpkgs": [
          "zen-browser",
          "nixpkgs"
        ]
      },
      "locked": {
        "lastModified": 1743604125,
        "narHash": "sha256-ZD61DNbsBt1mQbinAaaEqKaJk2RFo9R/j+eYWeGMx7A=",
        "owner": "nix-community",
        "repo": "home-manager",
        "rev": "180fd43eea296e62ae68e079fcf56aba268b9a1a",
        "type": "github"
      },
      "original": {
        "owner": "nix-community",
        "repo": "home-manager",
        "type": "github"
      }
    },
    "home-manager-stable": {
      "inputs": {
        "nixpkgs": [
          "nixpkgs-stable"
        ]
      },
      "locked": {
        "lastModified": 1746171682,
        "narHash": "sha256-EyXUNSa+H+YvGVuQJP1nZskXAowxKYp79RNUsNdQTj4=",
        "owner": "nix-community",
        "repo": "home-manager",
        "rev": "50eee705bbdbac942074a8c120e8194185633675",
        "type": "github"
      },
      "original": {
        "owner": "nix-community",
        "ref": "release-24.11",
        "repo": "home-manager",
        "type": "github"
      }
    },
    "home-manager-unstable": {
      "inputs": {
        "nixpkgs": [
          "nixpkgs-unstable"
        ]
      },
      "locked": {
        "lastModified": 1746193516,
        "narHash": "sha256-7KqthzbP7LbJpo6DtxlTg2Fqcs7HL1iV1vd1mM8q/u0=",
        "owner": "nix-community",
        "repo": "home-manager",
        "rev": "355a6b937d07a95cb0b753ef513bcaad09128dea",
        "type": "github"
      },
      "original": {
        "owner": "nix-community",
        "repo": "home-manager",
        "type": "github"
      }
    },
    "nix-vscode-extensions": {
      "inputs": {
        "flake-utils": "flake-utils",
        "nixpkgs": [
          "nixpkgs-stable"
        ]
      },
      "locked": {
        "lastModified": 1746151051,
        "narHash": "sha256-zdPTKcfvZ/mL9urzbJuQVbsIJTNIKVmI9QEimb7xIAM=",
        "owner": "nix-community",
        "repo": "nix-vscode-extensions",
        "rev": "31e24801a4d8eabd8c500237af732ca2ab305326",
        "type": "github"
      },
      "original": {
        "owner": "nix-community",
        "repo": "nix-vscode-extensions",
        "type": "github"
      }
    },
    "nixpkgs-master": {
      "locked": {
        "lastModified": 1746194699,
        "narHash": "sha256-XONo9xGd3zGt/iHmIDZ+Uj/FZxRRFmrDrIFqYtzoPnM=",
        "owner": "NixOS",
        "repo": "nixpkgs",
        "rev": "d66115b18ccf2fbb03da4f2ea8a41499eb8d3136",
        "type": "github"
      },
      "original": {
        "id": "nixpkgs",
        "ref": "master",
        "type": "indirect"
      }
    },
    "nixpkgs-stable": {
      "locked": {
        "lastModified": 1746055187,
        "narHash": "sha256-3dqArYSMP9hM7Qpy5YWhnSjiqniSaT2uc5h2Po7tmg0=",
        "owner": "NixOS",
        "repo": "nixpkgs",
        "rev": "3e362ce63e16b9572d8c2297c04f7c19ab6725a5",
        "type": "github"
      },
      "original": {
        "id": "nixpkgs",
        "ref": "nixos-24.11",
        "type": "indirect"
      }
    },
    "nixpkgs-unstable": {
      "locked": {
        "lastModified": 1746141548,
        "narHash": "sha256-IgBWhX7A2oJmZFIrpRuMnw5RAufVnfvOgHWgIdds+hc=",
        "owner": "nixos",
        "repo": "nixpkgs",
        "rev": "f02fddb8acef29a8b32f10a335d44828d7825b78",
        "type": "github"
      },
      "original": {
        "owner": "nixos",
        "ref": "nixos-unstable",
        "repo": "nixpkgs",
        "type": "github"
      }
    },
    "nvimPlugin-amitds1997-remote-nvim-nvim": {
      "flake": false,
      "locked": {
        "lastModified": 1740320308,
        "narHash": "sha256-qdS5TyJE5uoQLmr/0VDkmLyIow9hO7m5G+Yt0KJCHT4=",
        "owner": "amitds1997",
        "repo": "remote-nvim.nvim",
        "rev": "bc39422f544e6f7b6b6cdeb0cc0e9aaa20398f5a",
        "type": "github"
      },
      "original": {
        "owner": "amitds1997",
        "repo": "remote-nvim.nvim",
        "rev": "bc39422f544e6f7b6b6cdeb0cc0e9aaa20398f5a",
        "type": "github"
      }
    },
    "nvimPlugin-cyberdream-nvim": {
      "flake": false,
      "locked": {
        "lastModified": 1745894426,
        "narHash": "sha256-AjfZhMKoJOpxA6omHKUhE4NVpum3b1xMUQrfjLn9FIs=",
        "owner": "scottmckendry",
        "repo": "cyberdream.nvim",
        "rev": "4aa7c64b0b18a542d6587632efa93c3bea469979",
        "type": "github"
      },
      "original": {
        "owner": "scottmckendry",
        "repo": "cyberdream.nvim",
        "type": "github"
      }
    },
    "nvimPlugin-iurimateus-luasnip-latex-snippets-nvim": {
      "flake": false,
      "locked": {
        "lastModified": 1743463667,
        "narHash": "sha256-QWZIw/ZafnNa1j20TI361X9+x3nleZgBchiJ5tMw+Qw=",
        "owner": "iurimateus",
        "repo": "luasnip-latex-snippets.nvim",
        "rev": "498f4ba12d025487939d89b801647b44bb15676c",
        "type": "github"
      },
      "original": {
        "owner": "iurimateus",
        "repo": "luasnip-latex-snippets.nvim",
        "type": "github"
      }
    },
    "nvimPlugin-monkoose-neocodeium": {
      "flake": false,
      "locked": {
        "lastModified": 1745097550,
        "narHash": "sha256-7y4iCfCP1Ht9+Q4b11+PTRsjNaJEIGaeBzJnzYwFIqw=",
        "owner": "monkoose",
        "repo": "neocodeium",
        "rev": "511ae8a76561a6352f845169bcb6c906fd1892bb",
        "type": "github"
      },
      "original": {
        "owner": "monkoose",
        "repo": "neocodeium",
        "type": "github"
      }
    },
    "nvimPlugin-nanotee-sqls-nvim": {
      "flake": false,
      "locked": {
        "lastModified": 1743031563,
        "narHash": "sha256-bQKO5Kq4Jc8v7d6OSkkzjqYHzt8c5C71xzHHABErlsg=",
        "owner": "nanotee",
        "repo": "sqls.nvim",
        "rev": "d1bc5421ef3e8edc5101e37edbb7de6639207a09",
        "type": "github"
      },
      "original": {
        "owner": "nanotee",
        "repo": "sqls.nvim",
        "type": "github"
      }
    },
    "nvimPlugin-noctis-high-contrast-nvim": {
      "flake": false,
      "locked": {
        "lastModified": 1735508645,
        "narHash": "sha256-FNWdx3dIMdcuucEo0dx8y2aQK6YMjM4E+vj5qmk/mDM=",
        "owner": "iagorrr",
        "repo": "noctis-high-contrast.nvim",
        "rev": "f7c24adb2cd0eca9cf5e9d0fa6595512f82cf450",
        "type": "github"
      },
      "original": {
        "owner": "iagorrr",
        "repo": "noctis-high-contrast.nvim",
        "type": "github"
      }
    },
    "nvimPlugin-rayx-lsp-signature-nvim": {
      "flake": false,
      "locked": {
        "lastModified": 1745584322,
        "narHash": "sha256-/kPPQrS+yHMjdMFanTex3DtzAiJCenJwBW6OYOR3rng=",
        "owner": "ray-x",
        "repo": "lsp_signature.nvim",
        "rev": "a793d02b6a5e639fa9d3f2a89a839fa688ab2d0a",
        "type": "github"
      },
      "original": {
        "owner": "ray-x",
        "repo": "lsp_signature.nvim",
        "type": "github"
      }
    },
    "nvimPlugin-robert-f-string-toggle-nvim": {
      "flake": false,
      "locked": {
        "lastModified": 1743344044,
        "narHash": "sha256-eWNwsL6whdNiRiyHgq9rhkpoRtzIXb2cl0HY6GZ3ZUc=",
        "owner": "roobert",
        "repo": "f-string-toggle.nvim",
        "rev": "74545e699ed0caca603b2612bfa706ff40736d31",
        "type": "github"
      },
      "original": {
        "owner": "roobert",
        "repo": "f-string-toggle.nvim",
        "type": "github"
      }
    },
    "root": {
      "inputs": {
        "home-manager-stable": "home-manager-stable",
        "home-manager-unstable": "home-manager-unstable",
        "nix-vscode-extensions": "nix-vscode-extensions",
        "nixpkgs-master": "nixpkgs-master",
        "nixpkgs-stable": "nixpkgs-stable",
        "nixpkgs-unstable": "nixpkgs-unstable",
        "nvimPlugin-amitds1997-remote-nvim-nvim": "nvimPlugin-amitds1997-remote-nvim-nvim",
        "nvimPlugin-cyberdream-nvim": "nvimPlugin-cyberdream-nvim",
        "nvimPlugin-iurimateus-luasnip-latex-snippets-nvim": "nvimPlugin-iurimateus-luasnip-latex-snippets-nvim",
        "nvimPlugin-monkoose-neocodeium": "nvimPlugin-monkoose-neocodeium",
        "nvimPlugin-nanotee-sqls-nvim": "nvimPlugin-nanotee-sqls-nvim",
        "nvimPlugin-noctis-high-contrast-nvim": "nvimPlugin-noctis-high-contrast-nvim",
        "nvimPlugin-rayx-lsp-signature-nvim": "nvimPlugin-rayx-lsp-signature-nvim",
        "nvimPlugin-robert-f-string-toggle-nvim": "nvimPlugin-robert-f-string-toggle-nvim",
        "zen-browser": "zen-browser"
      }
    },
    "systems": {
      "locked": {
        "lastModified": 1681028828,
        "narHash": "sha256-Vy1rq5AaRuLzOxct8nz4T6wlgyUR7zLU309k9mBC768=",
        "owner": "nix-systems",
        "repo": "default",
        "rev": "da67096a3b9bf56a91d16901293e51ba5b49a27e",
        "type": "github"
      },
      "original": {
        "owner": "nix-systems",
        "repo": "default",
        "type": "github"
      }
    },
    "zen-browser": {
      "inputs": {
        "home-manager": "home-manager",
        "nixpkgs": [
          "nixpkgs-stable"
        ]
      },
      "locked": {
        "lastModified": 1746189486,
        "narHash": "sha256-+fggfEtZc3wG/53OB0GTjLp75dZcKewmO4SfbfmUNS8=",
        "owner": "0xc000022070",
        "repo": "zen-browser-flake",
        "rev": "5302618e43d74140deaff99567ef2a79ed25a951",
        "type": "github"
      },
      "original": {
        "owner": "0xc000022070",
        "repo": "zen-browser-flake",
        "type": "github"
      }
    }
  },
  "root": "root",
  "version": 7
}
