{
  "nodes": {
    "flake-utils": {
      "inputs": {
        "systems": "systems"
      },
      "locked": {
        "lastModified": 1731533236,
        "narHash": "sha256-l0KFg5HjrsfsO/JpG+r7fRrqm12kzFHyUHqHCVpMMbI=",
        "owner": "numtide",
        "repo": "flake-utils",
        "rev": "11707dc2f618dd54ca8739b309ec4fc024de578b",
        "type": "github"
      },
      "original": {
        "owner": "numtide",
        "repo": "flake-utils",
        "type": "github"
      }
    },
    "home-manager": {
      "inputs": {
        "nixpkgs": [
          "zen-browser",
          "nixpkgs"
        ]
      },
      "locked": {
        "lastModified": 1743604125,
        "narHash": "sha256-ZD61DNbsBt1mQbinAaaEqKaJk2RFo9R/j+eYWeGMx7A=",
        "owner": "nix-community",
        "repo": "home-manager",
        "rev": "180fd43eea296e62ae68e079fcf56aba268b9a1a",
        "type": "github"
      },
      "original": {
        "owner": "nix-community",
        "repo": "home-manager",
        "type": "github"
      }
    },
    "home-manager-stable": {
      "inputs": {
        "nixpkgs": [
          "nixpkgs-stable"
        ]
      },
      "locked": {
        "lastModified": 1749154018,
        "narHash": "sha256-gjN3j7joRvT3a8Zgcylnd4NFsnXeDBumqiu4HmY1RIg=",
        "owner": "nix-community",
        "repo": "home-manager",
        "rev": "7aae0ee71a17b19708b93b3ed448a1a0952bf111",
        "type": "github"
      },
      "original": {
        "owner": "nix-community",
        "ref": "release-25.05",
        "repo": "home-manager",
        "type": "github"
      }
    },
    "home-manager-unstable": {
      "inputs": {
        "nixpkgs": [
          "nixpkgs-unstable"
        ]
      },
      "locked": {
        "lastModified": 1750127463,
        "narHash": "sha256-K2xFtlD3PcKAZriOE3LaBLYmVfGQu+rIF4Jr1RFYR0Q=",
        "owner": "nix-community",
        "repo": "home-manager",
        "rev": "28eef8722d1af18ca13e687dbf485e1c653a0402",
        "type": "github"
      },
      "original": {
        "owner": "nix-community",
        "repo": "home-manager",
        "type": "github"
      }
    },
    "nix-vscode-extensions": {
      "inputs": {
        "flake-utils": "flake-utils",
        "nixpkgs": [
          "nixpkgs-stable"
        ]
      },
      "locked": {
        "lastModified": 1750212334,
        "narHash": "sha256-wLZj7wKuky8jh9USmi2BKUFTOn8ENh1g5/C5ODolTWc=",
        "owner": "nix-community",
        "repo": "nix-vscode-extensions",
        "rev": "33d4864b366ab1ca7657221fb13f82ea2308e5af",
        "type": "github"
      },
      "original": {
        "owner": "nix-community",
        "repo": "nix-vscode-extensions",
        "type": "github"
      }
    },
    "nixpkgs-master": {
      "locked": {
        "lastModified": 1750248382,
        "narHash": "sha256-zEzTtUKJAhfM8toxzDwpp1BsxrlxCXwFrvIZKqi1QV4=",
        "owner": "NixOS",
        "repo": "nixpkgs",
        "rev": "04cc94c8f2efa2c071a5563e7b15853e869223a1",
        "type": "github"
      },
      "original": {
        "id": "nixpkgs",
        "ref": "master",
        "type": "indirect"
      }
    },
    "nixpkgs-stable": {
      "locked": {
        "lastModified": 1750133334,
        "narHash": "sha256-urV51uWH7fVnhIvsZIELIYalMYsyr2FCalvlRTzqWRw=",
        "owner": "NixOS",
        "repo": "nixpkgs",
        "rev": "36ab78dab7da2e4e27911007033713bab534187b",
        "type": "github"
      },
      "original": {
        "id": "nixpkgs",
        "ref": "nixos-25.05",
        "type": "indirect"
      }
    },
    "nixpkgs-unstable": {
      "locked": {
        "lastModified": 1750134718,
        "narHash": "sha256-v263g4GbxXv87hMXMCpjkIxd/viIF7p3JpJrwgKdNiI=",
        "owner": "nixos",
        "repo": "nixpkgs",
        "rev": "9e83b64f727c88a7711a2c463a7b16eedb69a84c",
        "type": "github"
      },
      "original": {
        "owner": "nixos",
        "ref": "nixos-unstable",
        "repo": "nixpkgs",
        "type": "github"
      }
    },
    "nvimPlugin-amitds1997-remote-nvim-nvim": {
      "flake": false,
      "locked": {
        "lastModified": 1740320308,
        "narHash": "sha256-qdS5TyJE5uoQLmr/0VDkmLyIow9hO7m5G+Yt0KJCHT4=",
        "owner": "amitds1997",
        "repo": "remote-nvim.nvim",
        "rev": "bc39422f544e6f7b6b6cdeb0cc0e9aaa20398f5a",
        "type": "github"
      },
      "original": {
        "owner": "amitds1997",
        "repo": "remote-nvim.nvim",
        "rev": "bc39422f544e6f7b6b6cdeb0cc0e9aaa20398f5a",
        "type": "github"
      }
    },
    "nvimPlugin-cyberdream-nvim": {
      "flake": false,
      "locked": {
        "lastModified": 1748452068,
        "narHash": "sha256-02V+u6ZFWRfgEBlAAsRR7zfl/sgP2n6abCK0grVr+I8=",
        "owner": "scottmckendry",
        "repo": "cyberdream.nvim",
        "rev": "f660ebfd8840e226d2a5368e08108a7aa84fef36",
        "type": "github"
      },
      "original": {
        "owner": "scottmckendry",
        "repo": "cyberdream.nvim",
        "type": "github"
      }
    },
    "nvimPlugin-iurimateus-luasnip-latex-snippets-nvim": {
      "flake": false,
      "locked": {
        "lastModified": 1743463667,
        "narHash": "sha256-QWZIw/ZafnNa1j20TI361X9+x3nleZgBchiJ5tMw+Qw=",
        "owner": "iurimateus",
        "repo": "luasnip-latex-snippets.nvim",
        "rev": "498f4ba12d025487939d89b801647b44bb15676c",
        "type": "github"
      },
      "original": {
        "owner": "iurimateus",
        "repo": "luasnip-latex-snippets.nvim",
        "type": "github"
      }
    },
    "nvimPlugin-monkoose-neocodeium": {
      "flake": false,
      "locked": {
        "lastModified": 1750228011,
        "narHash": "sha256-s/RoZTVpLiPj4KpNVphbB+AffiSSYXzpLF0CZITh2Ig=",
        "owner": "monkoose",
        "repo": "neocodeium",
        "rev": "6333139afe60e6339d9c8ddaa410db7454e192e3",
        "type": "github"
      },
      "original": {
        "owner": "monkoose",
        "repo": "neocodeium",
        "type": "github"
      }
    },
    "nvimPlugin-nanotee-sqls-nvim": {
      "flake": false,
      "locked": {
        "lastModified": 1743031563,
        "narHash": "sha256-bQKO5Kq4Jc8v7d6OSkkzjqYHzt8c5C71xzHHABErlsg=",
        "owner": "nanotee",
        "repo": "sqls.nvim",
        "rev": "d1bc5421ef3e8edc5101e37edbb7de6639207a09",
        "type": "github"
      },
      "original": {
        "owner": "nanotee",
        "repo": "sqls.nvim",
        "type": "github"
      }
    },
    "nvimPlugin-noctis-high-contrast-nvim": {
      "flake": false,
      "locked": {
        "lastModified": 1735508645,
        "narHash": "sha256-FNWdx3dIMdcuucEo0dx8y2aQK6YMjM4E+vj5qmk/mDM=",
        "owner": "iagorrr",
        "repo": "noctis-high-contrast.nvim",
        "rev": "f7c24adb2cd0eca9cf5e9d0fa6595512f82cf450",
        "type": "github"
      },
      "original": {
        "owner": "iagorrr",
        "repo": "noctis-high-contrast.nvim",
        "type": "github"
      }
    },
    "nvimPlugin-rayx-lsp-signature-nvim": {
      "flake": false,
      "locked": {
        "lastModified": 1750144392,
        "narHash": "sha256-/g5/pvZjIMq2XIinK6jFhOv6z8tzlk6XDLD6BT84PoQ=",
        "owner": "ray-x",
        "repo": "lsp_signature.nvim",
        "rev": "2923666d092300e6d03c8d895991d0bef43f1613",
        "type": "github"
      },
      "original": {
        "owner": "ray-x",
        "repo": "lsp_signature.nvim",
        "type": "github"
      }
    },
    "nvimPlugin-robert-f-string-toggle-nvim": {
      "flake": false,
      "locked": {
        "lastModified": 1743344044,
        "narHash": "sha256-eWNwsL6whdNiRiyHgq9rhkpoRtzIXb2cl0HY6GZ3ZUc=",
        "owner": "roobert",
        "repo": "f-string-toggle.nvim",
        "rev": "74545e699ed0caca603b2612bfa706ff40736d31",
        "type": "github"
      },
      "original": {
        "owner": "roobert",
        "repo": "f-string-toggle.nvim",
        "type": "github"
      }
    },
    "root": {
      "inputs": {
        "home-manager-stable": "home-manager-stable",
        "home-manager-unstable": "home-manager-unstable",
        "nix-vscode-extensions": "nix-vscode-extensions",
        "nixpkgs-master": "nixpkgs-master",
        "nixpkgs-stable": "nixpkgs-stable",
        "nixpkgs-unstable": "nixpkgs-unstable",
        "nvimPlugin-amitds1997-remote-nvim-nvim": "nvimPlugin-amitds1997-remote-nvim-nvim",
        "nvimPlugin-cyberdream-nvim": "nvimPlugin-cyberdream-nvim",
        "nvimPlugin-iurimateus-luasnip-latex-snippets-nvim": "nvimPlugin-iurimateus-luasnip-latex-snippets-nvim",
        "nvimPlugin-monkoose-neocodeium": "nvimPlugin-monkoose-neocodeium",
        "nvimPlugin-nanotee-sqls-nvim": "nvimPlugin-nanotee-sqls-nvim",
        "nvimPlugin-noctis-high-contrast-nvim": "nvimPlugin-noctis-high-contrast-nvim",
        "nvimPlugin-rayx-lsp-signature-nvim": "nvimPlugin-rayx-lsp-signature-nvim",
        "nvimPlugin-robert-f-string-toggle-nvim": "nvimPlugin-robert-f-string-toggle-nvim",
        "zen-browser": "zen-browser"
      }
    },
    "systems": {
      "locked": {
        "lastModified": 1681028828,
        "narHash": "sha256-Vy1rq5AaRuLzOxct8nz4T6wlgyUR7zLU309k9mBC768=",
        "owner": "nix-systems",
        "repo": "default",
        "rev": "da67096a3b9bf56a91d16901293e51ba5b49a27e",
        "type": "github"
      },
      "original": {
        "owner": "nix-systems",
        "repo": "default",
        "type": "github"
      }
    },
    "zen-browser": {
      "inputs": {
        "home-manager": "home-manager",
        "nixpkgs": [
          "nixpkgs-stable"
        ]
      },
      "locked": {
        "lastModified": 1750152169,
        "narHash": "sha256-XN5OBCCXKmPBL+UXyyScI5HGgs4U8OFGQTnKuxurBFI=",
        "owner": "0xc000022070",
        "repo": "zen-browser-flake",
        "rev": "ed811ab0d0b407b59cda1023820e9986fd28c8c3",
        "type": "github"
      },
      "original": {
        "owner": "0xc000022070",
        "repo": "zen-browser-flake",
        "type": "github"
      }
    }
  },
  "root": "root",
  "version": 7
}
