{
  "nodes": {
    "flake-utils": {
      "inputs": {
        "systems": "systems"
      },
      "locked": {
        "lastModified": 1731533236,
        "narHash": "sha256-l0KFg5HjrsfsO/JpG+r7fRrqm12kzFHyUHqHCVpMMbI=",
        "owner": "numtide",
        "repo": "flake-utils",
        "rev": "11707dc2f618dd54ca8739b309ec4fc024de578b",
        "type": "github"
      },
      "original": {
        "owner": "numtide",
        "repo": "flake-utils",
        "type": "github"
      }
    },
    "home-manager-stable": {
      "inputs": {
        "nixpkgs": [
          "nixpkgs-stable"
        ]
      },
      "locked": {
        "lastModified": 1742655702,
        "narHash": "sha256-jbqlw4sPArFtNtA1s3kLg7/A4fzP4GLk9bGbtUJg0JQ=",
        "owner": "nix-community",
        "repo": "home-manager",
        "rev": "0948aeedc296f964140d9429223c7e4a0702a1ff",
        "type": "github"
      },
      "original": {
        "owner": "nix-community",
        "ref": "release-24.11",
        "repo": "home-manager",
        "type": "github"
      }
    },
    "home-manager-unstable": {
      "inputs": {
        "nixpkgs": [
          "nixpkgs-unstable"
        ]
      },
      "locked": {
        "lastModified": 1743360001,
        "narHash": "sha256-HtpS/ZdgWXw0y+aFdORcX5RuBGTyz3WskThspNR70SM=",
        "owner": "nix-community",
        "repo": "home-manager",
        "rev": "b6fd653ef8fbeccfd4958650757e91767a65506d",
        "type": "github"
      },
      "original": {
        "owner": "nix-community",
        "repo": "home-manager",
        "type": "github"
      }
    },
    "nix-vscode-extensions": {
      "inputs": {
        "flake-utils": "flake-utils",
        "nixpkgs": [
          "nixpkgs-stable"
        ]
      },
      "locked": {
        "lastModified": 1743300024,
        "narHash": "sha256-vKYRN9r86gQ4J+0VtOezKj16PHs/np3/fHptHpEB8eM=",
        "owner": "nix-community",
        "repo": "nix-vscode-extensions",
        "rev": "67cb5eb0efdeeb23a5635a6f41069d577a66f754",
        "type": "github"
      },
      "original": {
        "owner": "nix-community",
        "repo": "nix-vscode-extensions",
        "type": "github"
      }
    },
    "nixpkgs-master": {
      "locked": {
        "lastModified": 1743362381,
        "narHash": "sha256-QO0tEXEn1wILVYYjvil5iqbrSzOjFe+1xemtPPH8LHY=",
        "owner": "NixOS",
        "repo": "nixpkgs",
        "rev": "9f08dc0ad39150b9c5c3829575c980a89960c4e0",
        "type": "github"
      },
      "original": {
        "id": "nixpkgs",
        "ref": "master",
        "type": "indirect"
      }
    },
    "nixpkgs-stable": {
      "locked": {
        "lastModified": 1743231893,
        "narHash": "sha256-tpJsHMUPEhEnzySoQxx7+kA+KUtgWqvlcUBqROYNNt0=",
        "owner": "NixOS",
        "repo": "nixpkgs",
        "rev": "c570c1f5304493cafe133b8d843c7c1c4a10d3a6",
        "type": "github"
      },
      "original": {
        "id": "nixpkgs",
        "ref": "nixos-24.11",
        "type": "indirect"
      }
    },
    "nixpkgs-unstable": {
      "locked": {
        "lastModified": 1743095683,
        "narHash": "sha256-gWd4urRoLRe8GLVC/3rYRae1h+xfQzt09xOfb0PaHSk=",
        "owner": "nixos",
        "repo": "nixpkgs",
        "rev": "5e5402ecbcb27af32284d4a62553c019a3a49ea6",
        "type": "github"
      },
      "original": {
        "owner": "nixos",
        "ref": "nixos-unstable",
        "repo": "nixpkgs",
        "type": "github"
      }
    },
    "nvimPlugin-cyberdream-nvim": {
      "flake": false,
      "locked": {
        "lastModified": 1743094465,
        "narHash": "sha256-HjPE8xmzTRFnGBxSe/OJTbRshrKQaeIcLauzZuIoKhQ=",
        "owner": "scottmckendry",
        "repo": "cyberdream.nvim",
        "rev": "f36d7991b6373ebda9cfca20030aa1fca7328ea8",
        "type": "github"
      },
      "original": {
        "owner": "scottmckendry",
        "repo": "cyberdream.nvim",
        "type": "github"
      }
    },
    "nvimPlugin-noctis-high-contrast-nvim": {
      "flake": false,
      "locked": {
        "lastModified": 1735508645,
        "narHash": "sha256-FNWdx3dIMdcuucEo0dx8y2aQK6YMjM4E+vj5qmk/mDM=",
        "owner": "iagorrr",
        "repo": "noctis-high-contrast.nvim",
        "rev": "f7c24adb2cd0eca9cf5e9d0fa6595512f82cf450",
        "type": "github"
      },
      "original": {
        "owner": "iagorrr",
        "repo": "noctis-high-contrast.nvim",
        "type": "github"
      }
    },
    "nvimPlugings-amitds1997-remote-nvim-nvim": {
      "flake": false,
      "locked": {
        "lastModified": 1740320308,
        "narHash": "sha256-qdS5TyJE5uoQLmr/0VDkmLyIow9hO7m5G+Yt0KJCHT4=",
        "owner": "amitds1997",
        "repo": "remote-nvim.nvim",
        "rev": "bc39422f544e6f7b6b6cdeb0cc0e9aaa20398f5a",
        "type": "github"
      },
      "original": {
        "owner": "amitds1997",
        "repo": "remote-nvim.nvim",
        "rev": "bc39422f544e6f7b6b6cdeb0cc0e9aaa20398f5a",
        "type": "github"
      }
    },
    "nvimPlugings-iurimateus-luasnip-latex-snippets-nvim": {
      "flake": false,
      "locked": {
        "lastModified": 1742388178,
        "narHash": "sha256-jbJzKzQcCya1Z8pcvInBG+wgu9fj3gwz3QEQk7shXyk=",
        "owner": "iurimateus",
        "repo": "luasnip-latex-snippets.nvim",
        "rev": "08a4467ac63c3a04a5801c53143b31eed6f50e44",
        "type": "github"
      },
      "original": {
        "owner": "iurimateus",
        "repo": "luasnip-latex-snippets.nvim",
        "type": "github"
      }
    },
    "nvimPlugings-monkoose-neocodeium": {
      "flake": false,
      "locked": {
        "lastModified": 1739966055,
        "narHash": "sha256-vgnTEkVwVC52XP0GhA05I2zmhFTxhxf9BonMHULDJG8=",
        "owner": "monkoose",
        "repo": "neocodeium",
        "rev": "8a0b9b872b7da673ad2f6f1c3d17ac5c338053a8",
        "type": "github"
      },
      "original": {
        "owner": "monkoose",
        "repo": "neocodeium",
        "type": "github"
      }
    },
    "nvimPlugings-nanotee-sqls-nvim": {
      "flake": false,
      "locked": {
        "lastModified": 1743031563,
        "narHash": "sha256-bQKO5Kq4Jc8v7d6OSkkzjqYHzt8c5C71xzHHABErlsg=",
        "owner": "nanotee",
        "repo": "sqls.nvim",
        "rev": "d1bc5421ef3e8edc5101e37edbb7de6639207a09",
        "type": "github"
      },
      "original": {
        "owner": "nanotee",
        "repo": "sqls.nvim",
        "type": "github"
      }
    },
    "nvimPlugings-robert-f-string-toggle-nvim": {
      "flake": false,
      "locked": {
        "lastModified": 1743344044,
        "narHash": "sha256-eWNwsL6whdNiRiyHgq9rhkpoRtzIXb2cl0HY6GZ3ZUc=",
        "owner": "roobert",
        "repo": "f-string-toggle.nvim",
        "rev": "74545e699ed0caca603b2612bfa706ff40736d31",
        "type": "github"
      },
      "original": {
        "owner": "roobert",
        "repo": "f-string-toggle.nvim",
        "type": "github"
      }
    },
    "root": {
      "inputs": {
        "home-manager-stable": "home-manager-stable",
        "home-manager-unstable": "home-manager-unstable",
        "nix-vscode-extensions": "nix-vscode-extensions",
        "nixpkgs-master": "nixpkgs-master",
        "nixpkgs-stable": "nixpkgs-stable",
        "nixpkgs-unstable": "nixpkgs-unstable",
        "nvimPlugin-cyberdream-nvim": "nvimPlugin-cyberdream-nvim",
        "nvimPlugin-noctis-high-contrast-nvim": "nvimPlugin-noctis-high-contrast-nvim",
        "nvimPlugings-amitds1997-remote-nvim-nvim": "nvimPlugings-amitds1997-remote-nvim-nvim",
        "nvimPlugings-iurimateus-luasnip-latex-snippets-nvim": "nvimPlugings-iurimateus-luasnip-latex-snippets-nvim",
        "nvimPlugings-monkoose-neocodeium": "nvimPlugings-monkoose-neocodeium",
        "nvimPlugings-nanotee-sqls-nvim": "nvimPlugings-nanotee-sqls-nvim",
        "nvimPlugings-robert-f-string-toggle-nvim": "nvimPlugings-robert-f-string-toggle-nvim"
      }
    },
    "systems": {
      "locked": {
        "lastModified": 1681028828,
        "narHash": "sha256-Vy1rq5AaRuLzOxct8nz4T6wlgyUR7zLU309k9mBC768=",
        "owner": "nix-systems",
        "repo": "default",
        "rev": "da67096a3b9bf56a91d16901293e51ba5b49a27e",
        "type": "github"
      },
      "original": {
        "owner": "nix-systems",
        "repo": "default",
        "type": "github"
      }
    }
  },
  "root": "root",
  "version": 7
}
